
Microsoft Visual Studio Solution File, Format Version 12.00
Project("{FAE04EC0-301F-11D3-BF4B-00C04F79EFBC}") = "JsonParser", "JsonParser\JsonParser.csproj", "{B1BAB85F-0431-428A-B1F8-C0B9F0719ED5}"
EndProject
Global
	GlobalSection(SolutionConfigurationPlatforms) = preSolution
		Debug|Any CPU = Debug|Any CPU
		Release|Any CPU = Release|Any CPU
	EndGlobalSection
	GlobalSection(ProjectConfigurationPlatforms) = postSolution
		{B1BAB85F-0431-428A-B1F8-C0B9F0719ED5}.Debug|Any CPU.ActiveCfg = Debug|Any CPU
		{B1BAB85F-0431-428A-B1F8-C0B9F0719ED5}.Debug|Any CPU.Build.0 = Debug|Any CPU
		{B1BAB85F-0431-428A-B1F8-C0B9F0719ED5}.Release|Any CPU.ActiveCfg = Release|Any CPU
		{B1BAB85F-0431-428A-B1F8-C0B9F0719ED5}.Release|Any CPU.Build.0 = Release|Any CPU
	EndGlobalSection
EndGlobal
